
Microsoft Visual Studio Solution File, Format Version 12.00
# Visual Studio Version 17
VisualStudioVersion = 17.13.35818.85 d17.13
MinimumVisualStudioVersion = 10.0.40219.1
Project("{FAE04EC0-301F-11D3-BF4B-00C04F79EFBC}") = "TestAddin", "TestAddin\TestAddin.csproj", "{B34EBA9C-D093-4142-AB11-008BE29F4486}"
EndProject
Global
	GlobalSection(SolutionConfigurationPlatforms) = preSolution
		Debug|Any CPU = Debug|Any CPU
		Release|Any CPU = Release|Any CPU
	EndGlobalSection
	GlobalSection(ProjectConfigurationPlatforms) = postSolution
		{B34EBA9C-D093-4142-AB11-008BE29F4486}.Debug|Any CPU.ActiveCfg = Debug|Any CPU
		{B34EBA9C-D093-4142-AB11-008BE29F4486}.Debug|Any CPU.Build.0 = Debug|Any CPU
		{B34EBA9C-D093-4142-AB11-008BE29F4486}.Release|Any CPU.ActiveCfg = Release|Any CPU
		{B34EBA9C-D093-4142-AB11-008BE29F4486}.Release|Any CPU.Build.0 = Release|Any CPU
	EndGlobalSection
	GlobalSection(SolutionProperties) = preSolution
		HideSolutionNode = FALSE
	EndGlobalSection
	GlobalSection(ExtensibilityGlobals) = postSolution
		SolutionGuid = {C35CFE79-3A57-40FD-8FAE-C979086941BE}
	EndGlobalSection
EndGlobal
